
Microsoft Visual Studio Solution File, Format Version 12.00
# Visual Studio Version 17
VisualStudioVersion = 17.5.33424.131
MinimumVisualStudioVersion = 10.0.40219.1
Project("{FAE04EC0-301F-11D3-BF4B-00C04F79EFBC}") = "DemoConsoleAndEFC", "DemoConsoleAndEFC\DemoConsoleAndEFC.csproj", "{850FBA4A-54D0-453E-9A92-B4EE70987A58}"
EndProject
Global
	GlobalSection(SolutionConfigurationPlatforms) = preSolution
		Debug|Any CPU = Debug|Any CPU
		Release|Any CPU = Release|Any CPU
	EndGlobalSection
	GlobalSection(ProjectConfigurationPlatforms) = postSolution
		{850FBA4A-54D0-453E-9A92-B4EE70987A58}.Debug|Any CPU.ActiveCfg = Debug|Any CPU
		{850FBA4A-54D0-453E-9A92-B4EE70987A58}.Debug|Any CPU.Build.0 = Debug|Any CPU
		{850FBA4A-54D0-453E-9A92-B4EE70987A58}.Release|Any CPU.ActiveCfg = Release|Any CPU
		{850FBA4A-54D0-453E-9A92-B4EE70987A58}.Release|Any CPU.Build.0 = Release|Any CPU
	EndGlobalSection
	GlobalSection(SolutionProperties) = preSolution
		HideSolutionNode = FALSE
	EndGlobalSection
	GlobalSection(ExtensibilityGlobals) = postSolution
		SolutionGuid = {3F7163A6-28C9-4FF3-81FB-0D96E6B84944}
	EndGlobalSection
EndGlobal
