
Microsoft Visual Studio Solution File, Format Version 12.00
# Visual Studio Version 17
VisualStudioVersion = 17.5.33516.290
MinimumVisualStudioVersion = 10.0.40219.1
Project("{FAE04EC0-301F-11D3-BF4B-00C04F79EFBC}") = "Unit7_COFFEE_SHOP_REGISTRATION", "Unit7_COFFEE_SHOP_REGISTRATION\Unit7_COFFEE_SHOP_REGISTRATION.csproj", "{5778797E-5152-48B9-8AE5-5D3086C75AC5}"
EndProject
Global
	GlobalSection(SolutionConfigurationPlatforms) = preSolution
		Debug|Any CPU = Debug|Any CPU
		Release|Any CPU = Release|Any CPU
	EndGlobalSection
	GlobalSection(ProjectConfigurationPlatforms) = postSolution
		{5778797E-5152-48B9-8AE5-5D3086C75AC5}.Debug|Any CPU.ActiveCfg = Debug|Any CPU
		{5778797E-5152-48B9-8AE5-5D3086C75AC5}.Debug|Any CPU.Build.0 = Debug|Any CPU
		{5778797E-5152-48B9-8AE5-5D3086C75AC5}.Release|Any CPU.ActiveCfg = Release|Any CPU
		{5778797E-5152-48B9-8AE5-5D3086C75AC5}.Release|Any CPU.Build.0 = Release|Any CPU
	EndGlobalSection
	GlobalSection(SolutionProperties) = preSolution
		HideSolutionNode = FALSE
	EndGlobalSection
	GlobalSection(ExtensibilityGlobals) = postSolution
		SolutionGuid = {88C72F12-5355-4D41-8A21-89246B737A00}
	EndGlobalSection
EndGlobal
