
Microsoft Visual Studio Solution File, Format Version 12.00
# Visual Studio Version 17
VisualStudioVersion = 17.5.33516.290
MinimumVisualStudioVersion = 10.0.40219.1
Project("{FAE04EC0-301F-11D3-BF4B-00C04F79EFBC}") = "MVCEFCore", "MVCEFCore\MVCEFCore.csproj", "{382E1EBB-EB2B-4F18-A40E-568FF6979D3C}"
EndProject
Global
	GlobalSection(SolutionConfigurationPlatforms) = preSolution
		Debug|Any CPU = Debug|Any CPU
		Release|Any CPU = Release|Any CPU
	EndGlobalSection
	GlobalSection(ProjectConfigurationPlatforms) = postSolution
		{382E1EBB-EB2B-4F18-A40E-568FF6979D3C}.Debug|Any CPU.ActiveCfg = Debug|Any CPU
		{382E1EBB-EB2B-4F18-A40E-568FF6979D3C}.Debug|Any CPU.Build.0 = Debug|Any CPU
		{382E1EBB-EB2B-4F18-A40E-568FF6979D3C}.Release|Any CPU.ActiveCfg = Release|Any CPU
		{382E1EBB-EB2B-4F18-A40E-568FF6979D3C}.Release|Any CPU.Build.0 = Release|Any CPU
	EndGlobalSection
	GlobalSection(SolutionProperties) = preSolution
		HideSolutionNode = FALSE
	EndGlobalSection
	GlobalSection(ExtensibilityGlobals) = postSolution
		SolutionGuid = {50F05AB3-480C-41B5-861E-881BF1D6F6C8}
	EndGlobalSection
EndGlobal
