
Microsoft Visual Studio Solution File, Format Version 12.00
# Visual Studio Version 17
VisualStudioVersion = 17.5.33424.131
MinimumVisualStudioVersion = 10.0.40219.1
Project("{FAE04EC0-301F-11D3-BF4B-00C04F79EFBC}") = "FizzBuzz", "FizzBuzz\FizzBuzz.csproj", "{5E68256E-AAD0-42C8-9F85-5665F1BC7575}"
EndProject
Global
	GlobalSection(SolutionConfigurationPlatforms) = preSolution
		Debug|Any CPU = Debug|Any CPU
		Release|Any CPU = Release|Any CPU
	EndGlobalSection
	GlobalSection(ProjectConfigurationPlatforms) = postSolution
		{5E68256E-AAD0-42C8-9F85-5665F1BC7575}.Debug|Any CPU.ActiveCfg = Debug|Any CPU
		{5E68256E-AAD0-42C8-9F85-5665F1BC7575}.Debug|Any CPU.Build.0 = Debug|Any CPU
		{5E68256E-AAD0-42C8-9F85-5665F1BC7575}.Release|Any CPU.ActiveCfg = Release|Any CPU
		{5E68256E-AAD0-42C8-9F85-5665F1BC7575}.Release|Any CPU.Build.0 = Release|Any CPU
	EndGlobalSection
	GlobalSection(SolutionProperties) = preSolution
		HideSolutionNode = FALSE
	EndGlobalSection
	GlobalSection(ExtensibilityGlobals) = postSolution
		SolutionGuid = {FB05A4C2-29C4-4A3D-B456-976DE172F8B8}
	EndGlobalSection
EndGlobal
